{
  "originHash" : "1328f7eed8d1d15b697c8ce2777d6148dece2c327be2a9bb3156f6b3a40b5e1b",
  "pins" : [
    {
      "identity" : "xestitokens",
      "kind" : "remoteSourceControl",
      "location" : "https://github.com/eBardX/XestiTokens.git",
      "state" : {
        "revision" : "d6f12aeaa4547f416de3dfaae5e14f37e3e5b169",
        "version" : "2.0.0"
      }
    },
    {
      "identity" : "xestitools",
      "kind" : "remoteSourceControl",
      "location" : "https://github.com/eBardX/XestiTools.git",
      "state" : {
        "revision" : "05991497b8c7cb5ccfd4c9440c5b8548f6989ab3",
        "version" : "9.1.0"
      }
    }
  ],
  "version" : 3
}
